
Microsoft Visual Studio Solution File, Format Version 12.00
# Visual Studio Version 17
VisualStudioVersion = 17.4.33205.214
MinimumVisualStudioVersion = 10.0.40219.1
Project("{2150E333-8FDC-42A3-9474-1A3956D46DE8}") = "Documentation", "Documentation", "{0B78F63D-A794-4A08-9B4D-A3BAE1C8EAA0}"
	ProjectSection(SolutionItems) = preProject
		Entity Framework.docx = Entity Framework.docx
	EndProjectSection
EndProject
Project("{2150E333-8FDC-42A3-9474-1A3956D46DE8}") = "Assets", "Assets", "{BA8E495B-1661-4233-9934-EDD8EF12EBDC}"
EndProject
Project("{2150E333-8FDC-42A3-9474-1A3956D46DE8}") = "Section7", "Section7", "{69F60E49-893B-42E4-9DFF-5B134084EFEE}"
	ProjectSection(SolutionItems) = preProject
		Assets\Section 7\1 Book - ManageAuthors - View.txt = Assets\Section 7\1 Book - ManageAuthors - View.txt
	EndProjectSection
EndProject
Project("{2150E333-8FDC-42A3-9474-1A3956D46DE8}") = "Section5", "Section5", "{E6B4A692-0EE6-460D-9C20-F4560A8A70C3}"
	ProjectSection(SolutionItems) = preProject
		Assets\Section 5\1 Category - Index - View.txt = Assets\Section 5\1 Category - Index - View.txt
		Assets\Section 5\2 Category - Upsert - View.txt = Assets\Section 5\2 Category - Upsert - View.txt
		Assets\Section 5\3 Author - Index - View.txt = Assets\Section 5\3 Author - Index - View.txt
		Assets\Section 5\4 Author - Upsert - View.txt = Assets\Section 5\4 Author - Upsert - View.txt
		Assets\Section 5\5 Publisher - Index - View.txt = Assets\Section 5\5 Publisher - Index - View.txt
		Assets\Section 5\6 Publisher - Upsert - View.txt = Assets\Section 5\6 Publisher - Upsert - View.txt
		Assets\Section 5\7 Book - Index - View.txt = Assets\Section 5\7 Book - Index - View.txt
	EndProjectSection
EndProject
Project("{2150E333-8FDC-42A3-9474-1A3956D46DE8}") = "Section6", "Section6", "{8C4B73FA-DAAF-4862-BD55-0C959DB72B72}"
	ProjectSection(SolutionItems) = preProject
		Assets\Section 6\1 Book - Upsert - View.txt = Assets\Section 6\1 Book - Upsert - View.txt
		Assets\Section 6\2 Book - Details - View.txt = Assets\Section 6\2 Book - Details - View.txt
		Assets\Section 6\4 Deffered Execution Examples.txt = Assets\Section 6\4 Deffered Execution Examples.txt
	EndProjectSection
EndProject
Project("{2150E333-8FDC-42A3-9474-1A3956D46DE8}") = "Section8", "Section8", "{1F3E1C6D-6202-4A48-B350-95EDC2139514}"
	ProjectSection(SolutionItems) = preProject
		Assets\Section 8\1. View and Sproc.txt = Assets\Section 8\1. View and Sproc.txt
	EndProjectSection
EndProject
Project("{9A19103F-16F7-4668-BE54-9A1E7A4F7556}") = "CodingWiki_Web", "CodingWiki_Web\CodingWiki_Web.csproj", "{479EB107-6CA4-44F2-9959-BA844C217267}"
EndProject
Project("{9A19103F-16F7-4668-BE54-9A1E7A4F7556}") = "CodingWiki_DataAccess", "CodingWiki_DataAccess\CodingWiki_DataAccess.csproj", "{A2E1B765-8E92-46E5-BE76-69E228605600}"
EndProject
Project("{9A19103F-16F7-4668-BE54-9A1E7A4F7556}") = "CodingWiki_Model", "CodingWiki_Model\CodingWiki_Model.csproj", "{64EEB3AF-7632-4D8B-A475-C9E162EAC07D}"
EndProject
Project("{2150E333-8FDC-42A3-9474-1A3956D46DE8}") = "01_Frontend", "01_Frontend", "{6AF1B2F4-8CB8-4A3C-921A-F089D92A82BB}"
EndProject
Project("{2150E333-8FDC-42A3-9474-1A3956D46DE8}") = "02_DataAccess", "02_DataAccess", "{F37D83E5-7E3E-4746-97F1-6429B1418D92}"
EndProject
Project("{2150E333-8FDC-42A3-9474-1A3956D46DE8}") = "03_Model", "03_Model", "{64D1E270-9B84-4CB7-A523-C981C1CF4C76}"
EndProject
Project("{9A19103F-16F7-4668-BE54-9A1E7A4F7556}") = "CodingWiki_Console", "CodingWiki_Console\CodingWiki_Console.csproj", "{287DA202-2902-4CED-87F1-835E876D64CE}"
EndProject
Global
	GlobalSection(SolutionConfigurationPlatforms) = preSolution
		Debug|Any CPU = Debug|Any CPU
		Release|Any CPU = Release|Any CPU
	EndGlobalSection
	GlobalSection(ProjectConfigurationPlatforms) = postSolution
		{479EB107-6CA4-44F2-9959-BA844C217267}.Debug|Any CPU.ActiveCfg = Debug|Any CPU
		{479EB107-6CA4-44F2-9959-BA844C217267}.Debug|Any CPU.Build.0 = Debug|Any CPU
		{479EB107-6CA4-44F2-9959-BA844C217267}.Release|Any CPU.ActiveCfg = Release|Any CPU
		{479EB107-6CA4-44F2-9959-BA844C217267}.Release|Any CPU.Build.0 = Release|Any CPU
		{A2E1B765-8E92-46E5-BE76-69E228605600}.Debug|Any CPU.ActiveCfg = Debug|Any CPU
		{A2E1B765-8E92-46E5-BE76-69E228605600}.Debug|Any CPU.Build.0 = Debug|Any CPU
		{A2E1B765-8E92-46E5-BE76-69E228605600}.Release|Any CPU.ActiveCfg = Release|Any CPU
		{A2E1B765-8E92-46E5-BE76-69E228605600}.Release|Any CPU.Build.0 = Release|Any CPU
		{64EEB3AF-7632-4D8B-A475-C9E162EAC07D}.Debug|Any CPU.ActiveCfg = Debug|Any CPU
		{64EEB3AF-7632-4D8B-A475-C9E162EAC07D}.Debug|Any CPU.Build.0 = Debug|Any CPU
		{64EEB3AF-7632-4D8B-A475-C9E162EAC07D}.Release|Any CPU.ActiveCfg = Release|Any CPU
		{64EEB3AF-7632-4D8B-A475-C9E162EAC07D}.Release|Any CPU.Build.0 = Release|Any CPU
		{287DA202-2902-4CED-87F1-835E876D64CE}.Debug|Any CPU.ActiveCfg = Debug|Any CPU
		{287DA202-2902-4CED-87F1-835E876D64CE}.Debug|Any CPU.Build.0 = Debug|Any CPU
		{287DA202-2902-4CED-87F1-835E876D64CE}.Release|Any CPU.ActiveCfg = Release|Any CPU
		{287DA202-2902-4CED-87F1-835E876D64CE}.Release|Any CPU.Build.0 = Release|Any CPU
	EndGlobalSection
	GlobalSection(SolutionProperties) = preSolution
		HideSolutionNode = FALSE
	EndGlobalSection
	GlobalSection(NestedProjects) = preSolution
		{BA8E495B-1661-4233-9934-EDD8EF12EBDC} = {0B78F63D-A794-4A08-9B4D-A3BAE1C8EAA0}
		{69F60E49-893B-42E4-9DFF-5B134084EFEE} = {BA8E495B-1661-4233-9934-EDD8EF12EBDC}
		{E6B4A692-0EE6-460D-9C20-F4560A8A70C3} = {BA8E495B-1661-4233-9934-EDD8EF12EBDC}
		{8C4B73FA-DAAF-4862-BD55-0C959DB72B72} = {BA8E495B-1661-4233-9934-EDD8EF12EBDC}
		{1F3E1C6D-6202-4A48-B350-95EDC2139514} = {BA8E495B-1661-4233-9934-EDD8EF12EBDC}
		{479EB107-6CA4-44F2-9959-BA844C217267} = {6AF1B2F4-8CB8-4A3C-921A-F089D92A82BB}
		{A2E1B765-8E92-46E5-BE76-69E228605600} = {F37D83E5-7E3E-4746-97F1-6429B1418D92}
		{64EEB3AF-7632-4D8B-A475-C9E162EAC07D} = {64D1E270-9B84-4CB7-A523-C981C1CF4C76}
		{287DA202-2902-4CED-87F1-835E876D64CE} = {6AF1B2F4-8CB8-4A3C-921A-F089D92A82BB}
	EndGlobalSection
	GlobalSection(ExtensibilityGlobals) = postSolution
		SolutionGuid = {263DEA4E-2BE9-40F8-BEAF-1AAD1D8078CA}
	EndGlobalSection
EndGlobal
